
Microsoft Visual Studio Solution File, Format Version 12.00
# Visual Studio Version 16
VisualStudioVersion = 16.0.29001.49
MinimumVisualStudioVersion = 10.0.40219.1
Project("{FAE04EC0-301F-11D3-BF4B-00C04F79EFBC}") = "Colecciones", "Colecciones\Colecciones.csproj", "{CEDA9B0F-3078-4DF0-BAF8-2DEA7A61C80F}"
EndProject
Global
	GlobalSection(SolutionConfigurationPlatforms) = preSolution
		Debug|Any CPU = Debug|Any CPU
		Release|Any CPU = Release|Any CPU
	EndGlobalSection
	GlobalSection(ProjectConfigurationPlatforms) = postSolution
		{CEDA9B0F-3078-4DF0-BAF8-2DEA7A61C80F}.Debug|Any CPU.ActiveCfg = Debug|Any CPU
		{CEDA9B0F-3078-4DF0-BAF8-2DEA7A61C80F}.Debug|Any CPU.Build.0 = Debug|Any CPU
		{CEDA9B0F-3078-4DF0-BAF8-2DEA7A61C80F}.Release|Any CPU.ActiveCfg = Release|Any CPU
		{CEDA9B0F-3078-4DF0-BAF8-2DEA7A61C80F}.Release|Any CPU.Build.0 = Release|Any CPU
	EndGlobalSection
	GlobalSection(SolutionProperties) = preSolution
		HideSolutionNode = FALSE
	EndGlobalSection
	GlobalSection(ExtensibilityGlobals) = postSolution
		SolutionGuid = {79D4BA75-E6B5-4882-AAD6-E3DC79E64AFF}
	EndGlobalSection
EndGlobal
